// !$*UTF8*$!
{
	archiveVersion = 1;
	classes = {
	};
	objectVersion = 46;
	objects = {

/* Begin PBXBuildFile section */
		A1AD6E6E198F2154004123B7 /* Foundation.framework in Frameworks */ = {isa = PBXBuildFile; fileRef = A1AD6E6D198F2154004123B7 /* Foundation.framework */; };
		A1AD6E70198F2154004123B7 /* CoreGraphics.framework in Frameworks */ = {isa = PBXBuildFile; fileRef = A1AD6E6F198F2154004123B7 /* CoreGraphics.framework */; };
		A1AD6E72198F2154004123B7 /* UIKit.framework in Frameworks */ = {isa = PBXBuildFile; fileRef = A1AD6E71198F2154004123B7 /* UIKit.framework */; };
		A1AD6E78198F2154004123B7 /* InfoPlist.strings in Resources */ = {isa = PBXBuildFile; fileRef = A1AD6E76198F2154004123B7 /* InfoPlist.strings */; };
		A1AD6E7A198F2154004123B7 /* main.m in Sources */ = {isa = PBXBuildFile; fileRef = A1AD6E79198F2154004123B7 /* main.m */; };
		A1AD6E7E198F2154004123B7 /* AppDelegate.m in Sources */ = {isa = PBXBuildFile; fileRef = A1AD6E7D198F2154004123B7 /* AppDelegate.m */; };
		A1AD6E81198F2154004123B7 /* Main.storyboard in Resources */ = {isa = PBXBuildFile; fileRef = A1AD6E7F198F2154004123B7 /* Main.storyboard */; };
		A1AD6E84198F2154004123B7 /* ViewController.m in Sources */ = {isa = PBXBuildFile; fileRef = A1AD6E83198F2154004123B7 /* ViewController.m */; };
		A1AD6E86198F2154004123B7 /* Images.xcassets in Resources */ = {isa = PBXBuildFile; fileRef = A1AD6E85198F2154004123B7 /* Images.xcassets */; };
		A1AD6E8D198F2154004123B7 /* XCTest.framework in Frameworks */ = {isa = PBXBuildFile; fileRef = A1AD6E8C198F2154004123B7 /* XCTest.framework */; };
		A1AD6E8E198F2154004123B7 /* Foundation.framework in Frameworks */ = {isa = PBXBuildFile; fileRef = A1AD6E6D198F2154004123B7 /* Foundation.framework */; };
		A1AD6E8F198F2154004123B7 /* UIKit.framework in Frameworks */ = {isa = PBXBuildFile; fileRef = A1AD6E71198F2154004123B7 /* UIKit.framework */; };
		A1AD6E97198F2154004123B7 /* InfoPlist.strings in Resources */ = {isa = PBXBuildFile; fileRef = A1AD6E95198F2154004123B7 /* InfoPlist.strings */; };
		A1AD6E99198F2154004123B7 /* AoTLibrarySampleTests.m in Sources */ = {isa = PBXBuildFile; fileRef = A1AD6E98198F2154004123B7 /* AoTLibrarySampleTests.m */; };
		A1AD6FAD19905953004123B7 /* libAoTSDK.a in Frameworks */ = {isa = PBXBuildFile; fileRef = A1AD6FA81990590C004123B7 /* libAoTSDK.a */; };
/* End PBXBuildFile section */

/* Begin PBXContainerItemProxy section */
		A1AD6E90198F2154004123B7 /* PBXContainerItemProxy */ = {
			isa = PBXContainerItemProxy;
			containerPortal = A1AD6E62198F2154004123B7 /* Project object */;
			proxyType = 1;
			remoteGlobalIDString = A1AD6E69198F2154004123B7;
			remoteInfo = AoTLibrarySample;
		};
		A1AD6FA71990590C004123B7 /* PBXContainerItemProxy */ = {
			isa = PBXContainerItemProxy;
			containerPortal = A1AD6FA21990590C004123B7 /* AoTSDK.xcodeproj */;
			proxyType = 2;
			remoteGlobalIDString = A1AD6F76199058E3004123B7;
			remoteInfo = AoTSDK;
		};
		A1AD6FA91990590C004123B7 /* PBXContainerItemProxy */ = {
			isa = PBXContainerItemProxy;
			containerPortal = A1AD6FA21990590C004123B7 /* AoTSDK.xcodeproj */;
			proxyType = 2;
			remoteGlobalIDString = A1AD6F86199058E3004123B7;
			remoteInfo = AoTSDKTests;
		};
		A1AD6FAB1990594F004123B7 /* PBXContainerItemProxy */ = {
			isa = PBXContainerItemProxy;
			containerPortal = A1AD6FA21990590C004123B7 /* AoTSDK.xcodeproj */;
			proxyType = 1;
			remoteGlobalIDString = A1AD6F75199058E3004123B7;
			remoteInfo = AoTSDK;
		};
/* End PBXContainerItemProxy section */

/* Begin PBXFileReference section */
		A1AD6E6A198F2154004123B7 /* AoTLibrarySample.app */ = {isa = PBXFileReference; explicitFileType = wrapper.application; includeInIndex = 0; path = AoTLibrarySample.app; sourceTree = BUILT_PRODUCTS_DIR; };
		A1AD6E6D198F2154004123B7 /* Foundation.framework */ = {isa = PBXFileReference; lastKnownFileType = wrapper.framework; name = Foundation.framework; path = System/Library/Frameworks/Foundation.framework; sourceTree = SDKROOT; };
		A1AD6E6F198F2154004123B7 /* CoreGraphics.framework */ = {isa = PBXFileReference; lastKnownFileType = wrapper.framework; name = CoreGraphics.framework; path = System/Library/Frameworks/CoreGraphics.framework; sourceTree = SDKROOT; };
		A1AD6E71198F2154004123B7 /* UIKit.framework */ = {isa = PBXFileReference; lastKnownFileType = wrapper.framework; name = UIKit.framework; path = System/Library/Frameworks/UIKit.framework; sourceTree = SDKROOT; };
		A1AD6E75198F2154004123B7 /* AoTLibrarySample-Info.plist */ = {isa = PBXFileReference; lastKnownFileType = text.plist.xml; path = "AoTLibrarySample-Info.plist"; sourceTree = "<group>"; };
		A1AD6E77198F2154004123B7 /* en */ = {isa = PBXFileReference; lastKnownFileType = text.plist.strings; name = en; path = en.lproj/InfoPlist.strings; sourceTree = "<group>"; };
		A1AD6E79198F2154004123B7 /* main.m */ = {isa = PBXFileReference; lastKnownFileType = sourcecode.c.objc; path = main.m; sourceTree = "<group>"; };
		A1AD6E7B198F2154004123B7 /* AoTLibrarySample-Prefix.pch */ = {isa = PBXFileReference; lastKnownFileType = sourcecode.c.h; path = "AoTLibrarySample-Prefix.pch"; sourceTree = "<group>"; };
		A1AD6E7C198F2154004123B7 /* AppDelegate.h */ = {isa = PBXFileReference; lastKnownFileType = sourcecode.c.h; path = AppDelegate.h; sourceTree = "<group>"; };
		A1AD6E7D198F2154004123B7 /* AppDelegate.m */ = {isa = PBXFileReference; lastKnownFileType = sourcecode.c.objc; path = AppDelegate.m; sourceTree = "<group>"; };
		A1AD6E80198F2154004123B7 /* Base */ = {isa = PBXFileReference; lastKnownFileType = file.storyboard; name = Base; path = Base.lproj/Main.storyboard; sourceTree = "<group>"; };
		A1AD6E82198F2154004123B7 /* ViewController.h */ = {isa = PBXFileReference; lastKnownFileType = sourcecode.c.h; path = ViewController.h; sourceTree = "<group>"; };
		A1AD6E83198F2154004123B7 /* ViewController.m */ = {isa = PBXFileReference; lastKnownFileType = sourcecode.c.objc; path = ViewController.m; sourceTree = "<group>"; };
		A1AD6E85198F2154004123B7 /* Images.xcassets */ = {isa = PBXFileReference; lastKnownFileType = folder.assetcatalog; path = Images.xcassets; sourceTree = "<group>"; };
		A1AD6E8B198F2154004123B7 /* AoTLibrarySampleTests.xctest */ = {isa = PBXFileReference; explicitFileType = wrapper.cfbundle; includeInIndex = 0; path = AoTLibrarySampleTests.xctest; sourceTree = BUILT_PRODUCTS_DIR; };
		A1AD6E8C198F2154004123B7 /* XCTest.framework */ = {isa = PBXFileReference; lastKnownFileType = wrapper.framework; name = XCTest.framework; path = Library/Frameworks/XCTest.framework; sourceTree = DEVELOPER_DIR; };
		A1AD6E94198F2154004123B7 /* AoTLibrarySampleTests-Info.plist */ = {isa = PBXFileReference; lastKnownFileType = text.plist.xml; path = "AoTLibrarySampleTests-Info.plist"; sourceTree = "<group>"; };
		A1AD6E96198F2154004123B7 /* en */ = {isa = PBXFileReference; lastKnownFileType = text.plist.strings; name = en; path = en.lproj/InfoPlist.strings; sourceTree = "<group>"; };
		A1AD6E98198F2154004123B7 /* AoTLibrarySampleTests.m */ = {isa = PBXFileReference; lastKnownFileType = sourcecode.c.objc; path = AoTLibrarySampleTests.m; sourceTree = "<group>"; };
		A1AD6FA21990590C004123B7 /* AoTSDK.xcodeproj */ = {isa = PBXFileReference; lastKnownFileType = "wrapper.pb-project"; name = AoTSDK.xcodeproj; path = ../AoTSDK/AoTSDK.xcodeproj; sourceTree = "<group>"; };
/* End PBXFileReference section */

/* Begin PBXFrameworksBuildPhase section */
		A1AD6E67198F2154004123B7 /* Frameworks */ = {
			isa = PBXFrameworksBuildPhase;
			buildActionMask = 2147483647;
			files = (
				A1AD6FAD19905953004123B7 /* libAoTSDK.a in Frameworks */,
				A1AD6E70198F2154004123B7 /* CoreGraphics.framework in Frameworks */,
				A1AD6E72198F2154004123B7 /* UIKit.framework in Frameworks */,
				A1AD6E6E198F2154004123B7 /* Foundation.framework in Frameworks */,
			);
			runOnlyForDeploymentPostprocessing = 0;
		};
		A1AD6E88198F2154004123B7 /* Frameworks */ = {
			isa = PBXFrameworksBuildPhase;
			buildActionMask = 2147483647;
			files = (
				A1AD6E8D198F2154004123B7 /* XCTest.framework in Frameworks */,
				A1AD6E8F198F2154004123B7 /* UIKit.framework in Frameworks */,
				A1AD6E8E198F2154004123B7 /* Foundation.framework in Frameworks */,
			);
			runOnlyForDeploymentPostprocessing = 0;
		};
/* End PBXFrameworksBuildPhase section */

/* Begin PBXGroup section */
		A1AD6E61198F2154004123B7 = {
			isa = PBXGroup;
			children = (
				A1AD6FA21990590C004123B7 /* AoTSDK.xcodeproj */,
				A1AD6E73198F2154004123B7 /* AoTLibrarySample */,
				A1AD6E92198F2154004123B7 /* AoTLibrarySampleTests */,
				A1AD6E6C198F2154004123B7 /* Frameworks */,
				A1AD6E6B198F2154004123B7 /* Products */,
			);
			sourceTree = "<group>";
		};
		A1AD6E6B198F2154004123B7 /* Products */ = {
			isa = PBXGroup;
			children = (
				A1AD6E6A198F2154004123B7 /* AoTLibrarySample.app */,
				A1AD6E8B198F2154004123B7 /* AoTLibrarySampleTests.xctest */,
			);
			name = Products;
			sourceTree = "<group>";
		};
		A1AD6E6C198F2154004123B7 /* Frameworks */ = {
			isa = PBXGroup;
			children = (
				A1AD6E6D198F2154004123B7 /* Foundation.framework */,
				A1AD6E6F198F2154004123B7 /* CoreGraphics.framework */,
				A1AD6E71198F2154004123B7 /* UIKit.framework */,
				A1AD6E8C198F2154004123B7 /* XCTest.framework */,
			);
			name = Frameworks;
			sourceTree = "<group>";
		};
		A1AD6E73198F2154004123B7 /* AoTLibrarySample */ = {
			isa = PBXGroup;
			children = (
				A1AD6E7C198F2154004123B7 /* AppDelegate.h */,
				A1AD6E7D198F2154004123B7 /* AppDelegate.m */,
				A1AD6E7F198F2154004123B7 /* Main.storyboard */,
				A1AD6E82198F2154004123B7 /* ViewController.h */,
				A1AD6E83198F2154004123B7 /* ViewController.m */,
				A1AD6E85198F2154004123B7 /* Images.xcassets */,
				A1AD6E74198F2154004123B7 /* Supporting Files */,
			);
			path = AoTLibrarySample;
			sourceTree = "<group>";
		};
		A1AD6E74198F2154004123B7 /* Supporting Files */ = {
			isa = PBXGroup;
			children = (
				A1AD6E75198F2154004123B7 /* AoTLibrarySample-Info.plist */,
				A1AD6E76198F2154004123B7 /* InfoPlist.strings */,
				A1AD6E79198F2154004123B7 /* main.m */,
				A1AD6E7B198F2154004123B7 /* AoTLibrarySample-Prefix.pch */,
			);
			name = "Supporting Files";
			sourceTree = "<group>";
		};
		A1AD6E92198F2154004123B7 /* AoTLibrarySampleTests */ = {
			isa = PBXGroup;
			children = (
				A1AD6E98198F2154004123B7 /* AoTLibrarySampleTests.m */,
				A1AD6E93198F2154004123B7 /* Supporting Files */,
			);
			path = AoTLibrarySampleTests;
			sourceTree = "<group>";
		};
		A1AD6E93198F2154004123B7 /* Supporting Files */ = {
			isa = PBXGroup;
			children = (
				A1AD6E94198F2154004123B7 /* AoTLibrarySampleTests-Info.plist */,
				A1AD6E95198F2154004123B7 /* InfoPlist.strings */,
			);
			name = "Supporting Files";
			sourceTree = "<group>";
		};
		A1AD6FA31990590C004123B7 /* Products */ = {
			isa = PBXGroup;
			children = (
				A1AD6FA81990590C004123B7 /* libAoTSDK.a */,
				A1AD6FAA1990590C004123B7 /* AoTSDKTests.xctest */,
			);
			name = Products;
			sourceTree = "<group>";
		};
/* End PBXGroup section */

/* Begin PBXNativeTarget section */
		A1AD6E69198F2154004123B7 /* AoTLibrarySample */ = {
			isa = PBXNativeTarget;
			buildConfigurationList = A1AD6E9C198F2154004123B7 /* Build configuration list for PBXNativeTarget "AoTLibrarySample" */;
			buildPhases = (
				A1AD6E66198F2154004123B7 /* Sources */,
				A1AD6E67198F2154004123B7 /* Frameworks */,
				A1AD6E68198F2154004123B7 /* Resources */,
			);
			buildRules = (
			);
			dependencies = (
				A1AD6FAC1990594F004123B7 /* PBXTargetDependency */,
			);
			name = AoTLibrarySample;
			productName = AoTLibrarySample;
			productReference = A1AD6E6A198F2154004123B7 /* AoTLibrarySample.app */;
			productType = "com.apple.product-type.application";
		};
		A1AD6E8A198F2154004123B7 /* AoTLibrarySampleTests */ = {
			isa = PBXNativeTarget;
			buildConfigurationList = A1AD6E9F198F2154004123B7 /* Build configuration list for PBXNativeTarget "AoTLibrarySampleTests" */;
			buildPhases = (
				A1AD6E87198F2154004123B7 /* Sources */,
				A1AD6E88198F2154004123B7 /* Frameworks */,
				A1AD6E89198F2154004123B7 /* Resources */,
			);
			buildRules = (
			);
			dependencies = (
				A1AD6E91198F2154004123B7 /* PBXTargetDependency */,
			);
			name = AoTLibrarySampleTests;
			productName = AoTLibrarySampleTests;
			productReference = A1AD6E8B198F2154004123B7 /* AoTLibrarySampleTests.xctest */;
			productType = "com.apple.product-type.bundle.unit-test";
		};
/* End PBXNativeTarget section */

/* Begin PBXProject section */
		A1AD6E62198F2154004123B7 /* Project object */ = {
			isa = PBXProject;
			attributes = {
				LastUpgradeCheck = 0510;
				ORGANIZATIONNAME = ntels;
				TargetAttributes = {
					A1AD6E8A198F2154004123B7 = {
						TestTargetID = A1AD6E69198F2154004123B7;
					};
				};
			};
			buildConfigurationList = A1AD6E65198F2154004123B7 /* Build configuration list for PBXProject "AoTLibrarySample" */;
			compatibilityVersion = "Xcode 3.2";
			developmentRegion = English;
			hasScannedForEncodings = 0;
			knownRegions = (
				en,
				Base,
			);
			mainGroup = A1AD6E61198F2154004123B7;
			productRefGroup = A1AD6E6B198F2154004123B7 /* Products */;
			projectDirPath = "";
			projectReferences = (
				{
					ProductGroup = A1AD6FA31990590C004123B7 /* Products */;
					ProjectRef = A1AD6FA21990590C004123B7 /* AoTSDK.xcodeproj */;
				},
			);
			projectRoot = "";
			targets = (
				A1AD6E69198F2154004123B7 /* AoTLibrarySample */,
				A1AD6E8A198F2154004123B7 /* AoTLibrarySampleTests */,
			);
		};
/* End PBXProject section */

/* Begin PBXReferenceProxy section */
		A1AD6FA81990590C004123B7 /* libAoTSDK.a */ = {
			isa = PBXReferenceProxy;
			fileType = archive.ar;
			path = libAoTSDK.a;
			remoteRef = A1AD6FA71990590C004123B7 /* PBXContainerItemProxy */;
			sourceTree = BUILT_PRODUCTS_DIR;
		};
		A1AD6FAA1990590C004123B7 /* AoTSDKTests.xctest */ = {
			isa = PBXReferenceProxy;
			fileType = wrapper.cfbundle;
			path = AoTSDKTests.xctest;
			remoteRef = A1AD6FA91990590C004123B7 /* PBXContainerItemProxy */;
			sourceTree = BUILT_PRODUCTS_DIR;
		};
/* End PBXReferenceProxy section */

/* Begin PBXResourcesBuildPhase section */
		A1AD6E68198F2154004123B7 /* Resources */ = {
			isa = PBXResourcesBuildPhase;
			buildActionMask = 2147483647;
			files = (
				A1AD6E86198F2154004123B7 /* Images.xcassets in Resources */,
				A1AD6E78198F2154004123B7 /* InfoPlist.strings in Resources */,
				A1AD6E81198F2154004123B7 /* Main.storyboard in Resources */,
			);
			runOnlyForDeploymentPostprocessing = 0;
		};
		A1AD6E89198F2154004123B7 /* Resources */ = {
			isa = PBXResourcesBuildPhase;
			buildActionMask = 2147483647;
			files = (
				A1AD6E97198F2154004123B7 /* InfoPlist.strings in Resources */,
			);
			runOnlyForDeploymentPostprocessing = 0;
		};
/* End PBXResourcesBuildPhase section */

/* Begin PBXSourcesBuildPhase section */
		A1AD6E66198F2154004123B7 /* Sources */ = {
			isa = PBXSourcesBuildPhase;
			buildActionMask = 2147483647;
			files = (
				A1AD6E84198F2154004123B7 /* ViewController.m in Sources */,
				A1AD6E7E198F2154004123B7 /* AppDelegate.m in Sources */,
				A1AD6E7A198F2154004123B7 /* main.m in Sources */,
			);
			runOnlyForDeploymentPostprocessing = 0;
		};
		A1AD6E87198F2154004123B7 /* Sources */ = {
			isa = PBXSourcesBuildPhase;
			buildActionMask = 2147483647;
			files = (
				A1AD6E99198F2154004123B7 /* AoTLibrarySampleTests.m in Sources */,
			);
			runOnlyForDeploymentPostprocessing = 0;
		};
/* End PBXSourcesBuildPhase section */

/* Begin PBXTargetDependency section */
		A1AD6E91198F2154004123B7 /* PBXTargetDependency */ = {
			isa = PBXTargetDependency;
			target = A1AD6E69198F2154004123B7 /* AoTLibrarySample */;
			targetProxy = A1AD6E90198F2154004123B7 /* PBXContainerItemProxy */;
		};
		A1AD6FAC1990594F004123B7 /* PBXTargetDependency */ = {
			isa = PBXTargetDependency;
			name = AoTSDK;
			targetProxy = A1AD6FAB1990594F004123B7 /* PBXContainerItemProxy */;
		};
/* End PBXTargetDependency section */

/* Begin PBXVariantGroup section */
		A1AD6E76198F2154004123B7 /* InfoPlist.strings */ = {
			isa = PBXVariantGroup;
			children = (
				A1AD6E77198F2154004123B7 /* en */,
			);
			name = InfoPlist.strings;
			sourceTree = "<group>";
		};
		A1AD6E7F198F2154004123B7 /* Main.storyboard */ = {
			isa = PBXVariantGroup;
			children = (
				A1AD6E80198F2154004123B7 /* Base */,
			);
			name = Main.storyboard;
			sourceTree = "<group>";
		};
		A1AD6E95198F2154004123B7 /* InfoPlist.strings */ = {
			isa = PBXVariantGroup;
			children = (
				A1AD6E96198F2154004123B7 /* en */,
			);
			name = InfoPlist.strings;
			sourceTree = "<group>";
		};
/* End PBXVariantGroup section */

/* Begin XCBuildConfiguration section */
		A1AD6E9A198F2154004123B7 /* Debug */ = {
			isa = XCBuildConfiguration;
			buildSettings = {
				ALWAYS_SEARCH_USER_PATHS = NO;
				CLANG_CXX_LANGUAGE_STANDARD = "gnu++0x";
				CLANG_CXX_LIBRARY = "libc++";
				CLANG_ENABLE_MODULES = YES;
				CLANG_ENABLE_OBJC_ARC = YES;
				CLANG_WARN_BOOL_CONVERSION = YES;
				CLANG_WARN_CONSTANT_CONVERSION = YES;
				CLANG_WARN_DIRECT_OBJC_ISA_USAGE = YES_ERROR;
				CLANG_WARN_EMPTY_BODY = YES;
				CLANG_WARN_ENUM_CONVERSION = YES;
				CLANG_WARN_INT_CONVERSION = YES;
				CLANG_WARN_OBJC_ROOT_CLASS = YES_ERROR;
				CLANG_WARN__DUPLICATE_METHOD_MATCH = YES;
				"CODE_SIGN_IDENTITY[sdk=iphoneos*]" = "iPhone Developer";
				COPY_PHASE_STRIP = NO;
				GCC_C_LANGUAGE_STANDARD = gnu99;
				GCC_DYNAMIC_NO_PIC = NO;
				GCC_OPTIMIZATION_LEVEL = 0;
				GCC_PREPROCESSOR_DEFINITIONS = (
					"DEBUG=1",
					"$(inherited)",
				);
				GCC_SYMBOLS_PRIVATE_EXTERN = NO;
				GCC_WARN_64_TO_32_BIT_CONVERSION = YES;
				GCC_WARN_ABOUT_RETURN_TYPE = YES_ERROR;
				GCC_WARN_UNDECLARED_SELECTOR = YES;
				GCC_WARN_UNINITIALIZED_AUTOS = YES_AGGRESSIVE;
				GCC_WARN_UNUSED_FUNCTION = YES;
				GCC_WARN_UNUSED_VARIABLE = YES;
				IPHONEOS_DEPLOYMENT_TARGET = 7.1;
				ONLY_ACTIVE_ARCH = YES;
				SDKROOT = iphoneos;
			};
			name = Debug;
		};
		A1AD6E9B198F2154004123B7 /* Release */ = {
			isa = XCBuildConfiguration;
			buildSettings = {
				ALWAYS_SEARCH_USER_PATHS = NO;
				CLANG_CXX_LANGUAGE_STANDARD = "gnu++0x";
				CLANG_CXX_LIBRARY = "libc++";
				CLANG_ENABLE_MODULES = YES;
				CLANG_ENABLE_OBJC_ARC = YES;
				CLANG_WARN_BOOL_CONVERSION = YES;
				CLANG_WARN_CONSTANT_CONVERSION = YES;
				CLANG_WARN_DIRECT_OBJC_ISA_USAGE = YES_ERROR;
				CLANG_WARN_EMPTY_BODY = YES;
				CLANG_WARN_ENUM_CONVERSION = YES;
				CLANG_WARN_INT_CONVERSION = YES;
				CLANG_WARN_OBJC_ROOT_CLASS = YES_ERROR;
				CLANG_WARN__DUPLICATE_METHOD_MATCH = YES;
				"CODE_SIGN_IDENTITY[sdk=iphoneos*]" = "iPhone Developer";
				COPY_PHASE_STRIP = YES;
				ENABLE_NS_ASSERTIONS = NO;
				GCC_C_LANGUAGE_STANDARD = gnu99;
				GCC_WARN_64_TO_32_BIT_CONVERSION = YES;
				GCC_WARN_ABOUT_RETURN_TYPE = YES_ERROR;
				GCC_WARN_UNDECLARED_SELECTOR = YES;
				GCC_WARN_UNINITIALIZED_AUTOS = YES_AGGRESSIVE;
				GCC_WARN_UNUSED_FUNCTION = YES;
				GCC_WARN_UNUSED_VARIABLE = YES;
				IPHONEOS_DEPLOYMENT_TARGET = 7.1;
				SDKROOT = iphoneos;
				VALIDATE_PRODUCT = YES;
			};
			name = Release;
		};
		A1AD6E9D198F2154004123B7 /* Debug */ = {
			isa = XCBuildConfiguration;
			buildSettings = {
				ALWAYS_SEARCH_USER_PATHS = NO;
				ASSETCATALOG_COMPILER_APPICON_NAME = AppIcon;
				ASSETCATALOG_COMPILER_LAUNCHIMAGE_NAME = LaunchImage;
				GCC_PRECOMPILE_PREFIX_HEADER = YES;
				GCC_PREFIX_HEADER = "AoTLibrarySample/AoTLibrarySample-Prefix.pch";
				HEADER_SEARCH_PATHS = (
					"$(inherited)",
					/Applications/Xcode.app/Contents/Developer/Toolchains/XcodeDefault.xctoolchain/usr/include,
					"$(SRCROOT)/../AoTSDK/AoTSDK/",
				);
				INFOPLIST_FILE = "AoTLibrarySample/AoTLibrarySample-Info.plist";
				LIBRARY_SEARCH_PATHS = "";
				OTHER_LDFLAGS = "";
				PRODUCT_NAME = "$(TARGET_NAME)";
				WRAPPER_EXTENSION = app;
			};
			name = Debug;
		};
		A1AD6E9E198F2154004123B7 /* Release */ = {
			isa = XCBuildConfiguration;
			buildSettings = {
				ALWAYS_SEARCH_USER_PATHS = NO;
				ASSETCATALOG_COMPILER_APPICON_NAME = AppIcon;
				ASSETCATALOG_COMPILER_LAUNCHIMAGE_NAME = LaunchImage;
				GCC_PRECOMPILE_PREFIX_HEADER = YES;
				GCC_PREFIX_HEADER = "AoTLibrarySample/AoTLibrarySample-Prefix.pch";
				HEADER_SEARCH_PATHS = (
					"$(inherited)",
					/Applications/Xcode.app/Contents/Developer/Toolchains/XcodeDefault.xctoolchain/usr/include,
					"$(SRCROOT)/../AoTSDK/AoTSDK/",
				);
				INFOPLIST_FILE = "AoTLibrarySample/AoTLibrarySample-Info.plist";
				LIBRARY_SEARCH_PATHS = "";
				OTHER_LDFLAGS = "";
				PRODUCT_NAME = "$(TARGET_NAME)";
				WRAPPER_EXTENSION = app;
			};
			name = Release;
		};
		A1AD6EA0198F2154004123B7 /* Debug */ = {
			isa = XCBuildConfiguration;
			buildSettings = {
				BUNDLE_LOADER = "$(BUILT_PRODUCTS_DIR)/AoTLibrarySample.app/AoTLibrarySample";
				FRAMEWORK_SEARCH_PATHS = (
					"$(SDKROOT)/Developer/Library/Frameworks",
					"$(inherited)",
					"$(DEVELOPER_FRAMEWORKS_DIR)",
				);
				GCC_PRECOMPILE_PREFIX_HEADER = YES;
				GCC_PREFIX_HEADER = "AoTLibrarySample/AoTLibrarySample-Prefix.pch";
				GCC_PREPROCESSOR_DEFINITIONS = (
					"DEBUG=1",
					"$(inherited)",
				);
				INFOPLIST_FILE = "AoTLibrarySampleTests/AoTLibrarySampleTests-Info.plist";
				PRODUCT_NAME = "$(TARGET_NAME)";
				TEST_HOST = "$(BUNDLE_LOADER)";
				WRAPPER_EXTENSION = xctest;
			};
			name = Debug;
		};
		A1AD6EA1198F2154004123B7 /* Release */ = {
			isa = XCBuildConfiguration;
			buildSettings = {
				BUNDLE_LOADER = "$(BUILT_PRODUCTS_DIR)/AoTLibrarySample.app/AoTLibrarySample";
				FRAMEWORK_SEARCH_PATHS = (
					"$(SDKROOT)/Developer/Library/Frameworks",
					"$(inherited)",
					"$(DEVELOPER_FRAMEWORKS_DIR)",
				);
				GCC_PRECOMPILE_PREFIX_HEADER = YES;
				GCC_PREFIX_HEADER = "AoTLibrarySample/AoTLibrarySample-Prefix.pch";
				INFOPLIST_FILE = "AoTLibrarySampleTests/AoTLibrarySampleTests-Info.plist";
				PRODUCT_NAME = "$(TARGET_NAME)";
				TEST_HOST = "$(BUNDLE_LOADER)";
				WRAPPER_EXTENSION = xctest;
			};
			name = Release;
		};
/* End XCBuildConfiguration section */

/* Begin XCConfigurationList section */
		A1AD6E65198F2154004123B7 /* Build configuration list for PBXProject "AoTLibrarySample" */ = {
			isa = XCConfigurationList;
			buildConfigurations = (
				A1AD6E9A198F2154004123B7 /* Debug */,
				A1AD6E9B198F2154004123B7 /* Release */,
			);
			defaultConfigurationIsVisible = 0;
			defaultConfigurationName = Release;
		};
		A1AD6E9C198F2154004123B7 /* Build configuration list for PBXNativeTarget "AoTLibrarySample" */ = {
			isa = XCConfigurationList;
			buildConfigurations = (
				A1AD6E9D198F2154004123B7 /* Debug */,
				A1AD6E9E198F2154004123B7 /* Release */,
			);
			defaultConfigurationIsVisible = 0;
			defaultConfigurationName = Release;
		};
		A1AD6E9F198F2154004123B7 /* Build configuration list for PBXNativeTarget "AoTLibrarySampleTests" */ = {
			isa = XCConfigurationList;
			buildConfigurations = (
				A1AD6EA0198F2154004123B7 /* Debug */,
				A1AD6EA1198F2154004123B7 /* Release */,
			);
			defaultConfigurationIsVisible = 0;
			defaultConfigurationName = Release;
		};
/* End XCConfigurationList section */
	};
	rootObject = A1AD6E62198F2154004123B7 /* Project object */;
}
